
Microsoft Visual Studio Solution File, Format Version 12.00
# Visual Studio 15
VisualStudioVersion = 15.0.27428.2015
MinimumVisualStudioVersion = 10.0.40219.1
Project("{888888A0-9F3D-457C-B088-3A5042F75D52}") = "assignment01_01", "assignment01_01\assignment01_01.pyproj", "{99E0E50A-656B-46E0-B07A-9E9DD55ADDE7}"
EndProject
Global
	GlobalSection(SolutionConfigurationPlatforms) = preSolution
		Debug|Any CPU = Debug|Any CPU
		Release|Any CPU = Release|Any CPU
	EndGlobalSection
	GlobalSection(ProjectConfigurationPlatforms) = postSolution
		{99E0E50A-656B-46E0-B07A-9E9DD55ADDE7}.Debug|Any CPU.ActiveCfg = Debug|Any CPU
		{99E0E50A-656B-46E0-B07A-9E9DD55ADDE7}.Release|Any CPU.ActiveCfg = Release|Any CPU
	EndGlobalSection
	GlobalSection(SolutionProperties) = preSolution
		HideSolutionNode = FALSE
	EndGlobalSection
	GlobalSection(ExtensibilityGlobals) = postSolution
		SolutionGuid = {5AAD7A20-DA8F-45B8-B116-5311F4311EDE}
	EndGlobalSection
EndGlobal
